
Microsoft Visual Studio Solution File, Format Version 12.00
# Visual Studio 15
VisualStudioVersion = 15.0.26124.0
MinimumVisualStudioVersion = 15.0.26124.0
Project("{FAE04EC0-301F-11D3-BF4B-00C04F79EFBC}") = "ForkJoint.Api", "src\ForkJoint.Api\ForkJoint.Api.csproj", "{FC7D2524-21ED-43D1-A130-5FF30F701D9A}"
EndProject
Project("{FAE04EC0-301F-11D3-BF4B-00C04F79EFBC}") = "ForkJoint.Contracts", "src\ForkJoint.Contracts\ForkJoint.Contracts.csproj", "{DFBC9B26-B14B-4CC3-B57A-BDC6F9DCFB11}"
EndProject
Global
	GlobalSection(SolutionConfigurationPlatforms) = preSolution
		Debug|Any CPU = Debug|Any CPU
		Debug|x64 = Debug|x64
		Debug|x86 = Debug|x86
		Release|Any CPU = Release|Any CPU
		Release|x64 = Release|x64
		Release|x86 = Release|x86
	EndGlobalSection
	GlobalSection(SolutionProperties) = preSolution
		HideSolutionNode = FALSE
	EndGlobalSection
	GlobalSection(ProjectConfigurationPlatforms) = postSolution
		{FC7D2524-21ED-43D1-A130-5FF30F701D9A}.Debug|Any CPU.ActiveCfg = Debug|Any CPU
		{FC7D2524-21ED-43D1-A130-5FF30F701D9A}.Debug|Any CPU.Build.0 = Debug|Any CPU
		{FC7D2524-21ED-43D1-A130-5FF30F701D9A}.Debug|x64.ActiveCfg = Debug|Any CPU
		{FC7D2524-21ED-43D1-A130-5FF30F701D9A}.Debug|x64.Build.0 = Debug|Any CPU
		{FC7D2524-21ED-43D1-A130-5FF30F701D9A}.Debug|x86.ActiveCfg = Debug|Any CPU
		{FC7D2524-21ED-43D1-A130-5FF30F701D9A}.Debug|x86.Build.0 = Debug|Any CPU
		{FC7D2524-21ED-43D1-A130-5FF30F701D9A}.Release|Any CPU.ActiveCfg = Release|Any CPU
		{FC7D2524-21ED-43D1-A130-5FF30F701D9A}.Release|Any CPU.Build.0 = Release|Any CPU
		{FC7D2524-21ED-43D1-A130-5FF30F701D9A}.Release|x64.ActiveCfg = Release|Any CPU
		{FC7D2524-21ED-43D1-A130-5FF30F701D9A}.Release|x64.Build.0 = Release|Any CPU
		{FC7D2524-21ED-43D1-A130-5FF30F701D9A}.Release|x86.ActiveCfg = Release|Any CPU
		{FC7D2524-21ED-43D1-A130-5FF30F701D9A}.Release|x86.Build.0 = Release|Any CPU
		{DFBC9B26-B14B-4CC3-B57A-BDC6F9DCFB11}.Debug|Any CPU.ActiveCfg = Debug|Any CPU
		{DFBC9B26-B14B-4CC3-B57A-BDC6F9DCFB11}.Debug|Any CPU.Build.0 = Debug|Any CPU
		{DFBC9B26-B14B-4CC3-B57A-BDC6F9DCFB11}.Debug|x64.ActiveCfg = Debug|Any CPU
		{DFBC9B26-B14B-4CC3-B57A-BDC6F9DCFB11}.Debug|x64.Build.0 = Debug|Any CPU
		{DFBC9B26-B14B-4CC3-B57A-BDC6F9DCFB11}.Debug|x86.ActiveCfg = Debug|Any CPU
		{DFBC9B26-B14B-4CC3-B57A-BDC6F9DCFB11}.Debug|x86.Build.0 = Debug|Any CPU
		{DFBC9B26-B14B-4CC3-B57A-BDC6F9DCFB11}.Release|Any CPU.ActiveCfg = Release|Any CPU
		{DFBC9B26-B14B-4CC3-B57A-BDC6F9DCFB11}.Release|Any CPU.Build.0 = Release|Any CPU
		{DFBC9B26-B14B-4CC3-B57A-BDC6F9DCFB11}.Release|x64.ActiveCfg = Release|Any CPU
		{DFBC9B26-B14B-4CC3-B57A-BDC6F9DCFB11}.Release|x64.Build.0 = Release|Any CPU
		{DFBC9B26-B14B-4CC3-B57A-BDC6F9DCFB11}.Release|x86.ActiveCfg = Release|Any CPU
		{DFBC9B26-B14B-4CC3-B57A-BDC6F9DCFB11}.Release|x86.Build.0 = Release|Any CPU
	EndGlobalSection
EndGlobal
